
Microsoft Visual Studio Solution File, Format Version 12.00
# Visual Studio 15
VisualStudioVersion = 15.0.28010.0
MinimumVisualStudioVersion = 10.0.40219.1
Project("{FAE04EC0-301F-11D3-BF4B-00C04F79EFBC}") = "dancoTeste1.Android", "dancoTeste1\dancoTeste1.Android\dancoTeste1.Android.csproj", "{163BEFFE-3C96-4238-A7F0-0748BBEEBB08}"
EndProject
Project("{FAE04EC0-301F-11D3-BF4B-00C04F79EFBC}") = "dancoTeste1.iOS", "dancoTeste1\dancoTeste1.iOS\dancoTeste1.iOS.csproj", "{129B5EE1-70AA-48FB-99D7-F452834851C0}"
EndProject
Project("{FAE04EC0-301F-11D3-BF4B-00C04F79EFBC}") = "dancoTeste1.UWP", "dancoTeste1\dancoTeste1.UWP\dancoTeste1.UWP.csproj", "{E47B004B-C361-455C-B6CA-B1948B25F14B}"
EndProject
Project("{FAE04EC0-301F-11D3-BF4B-00C04F79EFBC}") = "dancoTeste1", "dancoTeste1\dancoTeste1\dancoTeste1.csproj", "{DBF19234-0D89-4BAD-9FDB-BE2D6608D704}"
EndProject
Global
	GlobalSection(SolutionConfigurationPlatforms) = preSolution
		Ad-Hoc|Any CPU = Ad-Hoc|Any CPU
		Ad-Hoc|ARM = Ad-Hoc|ARM
		Ad-Hoc|iPhone = Ad-Hoc|iPhone
		Ad-Hoc|iPhoneSimulator = Ad-Hoc|iPhoneSimulator
		Ad-Hoc|x64 = Ad-Hoc|x64
		Ad-Hoc|x86 = Ad-Hoc|x86
		AppStore|Any CPU = AppStore|Any CPU
		AppStore|ARM = AppStore|ARM
		AppStore|iPhone = AppStore|iPhone
		AppStore|iPhoneSimulator = AppStore|iPhoneSimulator
		AppStore|x64 = AppStore|x64
		AppStore|x86 = AppStore|x86
		Debug|Any CPU = Debug|Any CPU
		Debug|ARM = Debug|ARM
		Debug|iPhone = Debug|iPhone
		Debug|iPhoneSimulator = Debug|iPhoneSimulator
		Debug|x64 = Debug|x64
		Debug|x86 = Debug|x86
		Release|Any CPU = Release|Any CPU
		Release|ARM = Release|ARM
		Release|iPhone = Release|iPhone
		Release|iPhoneSimulator = Release|iPhoneSimulator
		Release|x64 = Release|x64
		Release|x86 = Release|x86
	EndGlobalSection
	GlobalSection(ProjectConfigurationPlatforms) = postSolution
		{163BEFFE-3C96-4238-A7F0-0748BBEEBB08}.Ad-Hoc|Any CPU.ActiveCfg = Release|Any CPU
		{163BEFFE-3C96-4238-A7F0-0748BBEEBB08}.Ad-Hoc|Any CPU.Build.0 = Release|Any CPU
		{163BEFFE-3C96-4238-A7F0-0748BBEEBB08}.Ad-Hoc|Any CPU.Deploy.0 = Release|Any CPU
		{163BEFFE-3C96-4238-A7F0-0748BBEEBB08}.Ad-Hoc|ARM.ActiveCfg = Release|Any CPU
		{163BEFFE-3C96-4238-A7F0-0748BBEEBB08}.Ad-Hoc|ARM.Build.0 = Release|Any CPU
		{163BEFFE-3C96-4238-A7F0-0748BBEEBB08}.Ad-Hoc|ARM.Deploy.0 = Release|Any CPU
		{163BEFFE-3C96-4238-A7F0-0748BBEEBB08}.Ad-Hoc|iPhone.ActiveCfg = Release|Any CPU
		{163BEFFE-3C96-4238-A7F0-0748BBEEBB08}.Ad-Hoc|iPhone.Build.0 = Release|Any CPU
		{163BEFFE-3C96-4238-A7F0-0748BBEEBB08}.Ad-Hoc|iPhone.Deploy.0 = Release|Any CPU
		{163BEFFE-3C96-4238-A7F0-0748BBEEBB08}.Ad-Hoc|iPhoneSimulator.ActiveCfg = Release|Any CPU
		{163BEFFE-3C96-4238-A7F0-0748BBEEBB08}.Ad-Hoc|iPhoneSimulator.Build.0 = Release|Any CPU
		{163BEFFE-3C96-4238-A7F0-0748BBEEBB08}.Ad-Hoc|iPhoneSimulator.Deploy.0 = Release|Any CPU
		{163BEFFE-3C96-4238-A7F0-0748BBEEBB08}.Ad-Hoc|x64.ActiveCfg = Release|Any CPU
		{163BEFFE-3C96-4238-A7F0-0748BBEEBB08}.Ad-Hoc|x64.Build.0 = Release|Any CPU
		{163BEFFE-3C96-4238-A7F0-0748BBEEBB08}.Ad-Hoc|x64.Deploy.0 = Release|Any CPU
		{163BEFFE-3C96-4238-A7F0-0748BBEEBB08}.Ad-Hoc|x86.ActiveCfg = Release|Any CPU
		{163BEFFE-3C96-4238-A7F0-0748BBEEBB08}.Ad-Hoc|x86.Build.0 = Release|Any CPU
		{163BEFFE-3C96-4238-A7F0-0748BBEEBB08}.Ad-Hoc|x86.Deploy.0 = Release|Any CPU
		{163BEFFE-3C96-4238-A7F0-0748BBEEBB08}.AppStore|Any CPU.ActiveCfg = Release|Any CPU
		{163BEFFE-3C96-4238-A7F0-0748BBEEBB08}.AppStore|Any CPU.Build.0 = Release|Any CPU
		{163BEFFE-3C96-4238-A7F0-0748BBEEBB08}.AppStore|Any CPU.Deploy.0 = Release|Any CPU
		{163BEFFE-3C96-4238-A7F0-0748BBEEBB08}.AppStore|ARM.ActiveCfg = Release|Any CPU
		{163BEFFE-3C96-4238-A7F0-0748BBEEBB08}.AppStore|ARM.Build.0 = Release|Any CPU
		{163BEFFE-3C96-4238-A7F0-0748BBEEBB08}.AppStore|ARM.Deploy.0 = Release|Any CPU
		{163BEFFE-3C96-4238-A7F0-0748BBEEBB08}.AppStore|iPhone.ActiveCfg = Release|Any CPU
		{163BEFFE-3C96-4238-A7F0-0748BBEEBB08}.AppStore|iPhone.Build.0 = Release|Any CPU
		{163BEFFE-3C96-4238-A7F0-0748BBEEBB08}.AppStore|iPhone.Deploy.0 = Release|Any CPU
		{163BEFFE-3C96-4238-A7F0-0748BBEEBB08}.AppStore|iPhoneSimulator.ActiveCfg = Release|Any CPU
		{163BEFFE-3C96-4238-A7F0-0748BBEEBB08}.AppStore|iPhoneSimulator.Build.0 = Release|Any CPU
		{163BEFFE-3C96-4238-A7F0-0748BBEEBB08}.AppStore|iPhoneSimulator.Deploy.0 = Release|Any CPU
		{163BEFFE-3C96-4238-A7F0-0748BBEEBB08}.AppStore|x64.ActiveCfg = Release|Any CPU
		{163BEFFE-3C96-4238-A7F0-0748BBEEBB08}.AppStore|x64.Build.0 = Release|Any CPU
		{163BEFFE-3C96-4238-A7F0-0748BBEEBB08}.AppStore|x64.Deploy.0 = Release|Any CPU
		{163BEFFE-3C96-4238-A7F0-0748BBEEBB08}.AppStore|x86.ActiveCfg = Release|Any CPU
		{163BEFFE-3C96-4238-A7F0-0748BBEEBB08}.AppStore|x86.Build.0 = Release|Any CPU
		{163BEFFE-3C96-4238-A7F0-0748BBEEBB08}.AppStore|x86.Deploy.0 = Release|Any CPU
		{163BEFFE-3C96-4238-A7F0-0748BBEEBB08}.Debug|Any CPU.ActiveCfg = Debug|Any CPU
		{163BEFFE-3C96-4238-A7F0-0748BBEEBB08}.Debug|Any CPU.Build.0 = Debug|Any CPU
		{163BEFFE-3C96-4238-A7F0-0748BBEEBB08}.Debug|Any CPU.Deploy.0 = Debug|Any CPU
		{163BEFFE-3C96-4238-A7F0-0748BBEEBB08}.Debug|ARM.ActiveCfg = Debug|Any CPU
		{163BEFFE-3C96-4238-A7F0-0748BBEEBB08}.Debug|ARM.Build.0 = Debug|Any CPU
		{163BEFFE-3C96-4238-A7F0-0748BBEEBB08}.Debug|ARM.Deploy.0 = Debug|Any CPU
		{163BEFFE-3C96-4238-A7F0-0748BBEEBB08}.Debug|iPhone.ActiveCfg = Debug|Any CPU
		{163BEFFE-3C96-4238-A7F0-0748BBEEBB08}.Debug|iPhone.Build.0 = Debug|Any CPU
		{163BEFFE-3C96-4238-A7F0-0748BBEEBB08}.Debug|iPhone.Deploy.0 = Debug|Any CPU
		{163BEFFE-3C96-4238-A7F0-0748BBEEBB08}.Debug|iPhoneSimulator.ActiveCfg = Debug|Any CPU
		{163BEFFE-3C96-4238-A7F0-0748BBEEBB08}.Debug|iPhoneSimulator.Build.0 = Debug|Any CPU
		{163BEFFE-3C96-4238-A7F0-0748BBEEBB08}.Debug|iPhoneSimulator.Deploy.0 = Debug|Any CPU
		{163BEFFE-3C96-4238-A7F0-0748BBEEBB08}.Debug|x64.ActiveCfg = Debug|Any CPU
		{163BEFFE-3C96-4238-A7F0-0748BBEEBB08}.Debug|x64.Build.0 = Debug|Any CPU
		{163BEFFE-3C96-4238-A7F0-0748BBEEBB08}.Debug|x64.Deploy.0 = Debug|Any CPU
		{163BEFFE-3C96-4238-A7F0-0748BBEEBB08}.Debug|x86.ActiveCfg = Debug|Any CPU
		{163BEFFE-3C96-4238-A7F0-0748BBEEBB08}.Debug|x86.Build.0 = Debug|Any CPU
		{163BEFFE-3C96-4238-A7F0-0748BBEEBB08}.Debug|x86.Deploy.0 = Debug|Any CPU
		{163BEFFE-3C96-4238-A7F0-0748BBEEBB08}.Release|Any CPU.ActiveCfg = Release|Any CPU
		{163BEFFE-3C96-4238-A7F0-0748BBEEBB08}.Release|Any CPU.Build.0 = Release|Any CPU
		{163BEFFE-3C96-4238-A7F0-0748BBEEBB08}.Release|Any CPU.Deploy.0 = Release|Any CPU
		{163BEFFE-3C96-4238-A7F0-0748BBEEBB08}.Release|ARM.ActiveCfg = Release|Any CPU
		{163BEFFE-3C96-4238-A7F0-0748BBEEBB08}.Release|ARM.Build.0 = Release|Any CPU
		{163BEFFE-3C96-4238-A7F0-0748BBEEBB08}.Release|ARM.Deploy.0 = Release|Any CPU
		{163BEFFE-3C96-4238-A7F0-0748BBEEBB08}.Release|iPhone.ActiveCfg = Release|Any CPU
		{163BEFFE-3C96-4238-A7F0-0748BBEEBB08}.Release|iPhone.Build.0 = Release|Any CPU
		{163BEFFE-3C96-4238-A7F0-0748BBEEBB08}.Release|iPhone.Deploy.0 = Release|Any CPU
		{163BEFFE-3C96-4238-A7F0-0748BBEEBB08}.Release|iPhoneSimulator.ActiveCfg = Release|Any CPU
		{163BEFFE-3C96-4238-A7F0-0748BBEEBB08}.Release|iPhoneSimulator.Build.0 = Release|Any CPU
		{163BEFFE-3C96-4238-A7F0-0748BBEEBB08}.Release|iPhoneSimulator.Deploy.0 = Release|Any CPU
		{163BEFFE-3C96-4238-A7F0-0748BBEEBB08}.Release|x64.ActiveCfg = Release|Any CPU
		{163BEFFE-3C96-4238-A7F0-0748BBEEBB08}.Release|x64.Build.0 = Release|Any CPU
		{163BEFFE-3C96-4238-A7F0-0748BBEEBB08}.Release|x64.Deploy.0 = Release|Any CPU
		{163BEFFE-3C96-4238-A7F0-0748BBEEBB08}.Release|x86.ActiveCfg = Release|Any CPU
		{163BEFFE-3C96-4238-A7F0-0748BBEEBB08}.Release|x86.Build.0 = Release|Any CPU
		{163BEFFE-3C96-4238-A7F0-0748BBEEBB08}.Release|x86.Deploy.0 = Release|Any CPU
		{129B5EE1-70AA-48FB-99D7-F452834851C0}.Ad-Hoc|Any CPU.ActiveCfg = Ad-Hoc|iPhone
		{129B5EE1-70AA-48FB-99D7-F452834851C0}.Ad-Hoc|ARM.ActiveCfg = Ad-Hoc|iPhone
		{129B5EE1-70AA-48FB-99D7-F452834851C0}.Ad-Hoc|iPhone.ActiveCfg = Ad-Hoc|iPhone
		{129B5EE1-70AA-48FB-99D7-F452834851C0}.Ad-Hoc|iPhone.Build.0 = Ad-Hoc|iPhone
		{129B5EE1-70AA-48FB-99D7-F452834851C0}.Ad-Hoc|iPhoneSimulator.ActiveCfg = Ad-Hoc|iPhoneSimulator
		{129B5EE1-70AA-48FB-99D7-F452834851C0}.Ad-Hoc|iPhoneSimulator.Build.0 = Ad-Hoc|iPhoneSimulator
		{129B5EE1-70AA-48FB-99D7-F452834851C0}.Ad-Hoc|x64.ActiveCfg = Ad-Hoc|iPhone
		{129B5EE1-70AA-48FB-99D7-F452834851C0}.Ad-Hoc|x86.ActiveCfg = Ad-Hoc|iPhone
		{129B5EE1-70AA-48FB-99D7-F452834851C0}.AppStore|Any CPU.ActiveCfg = AppStore|iPhone
		{129B5EE1-70AA-48FB-99D7-F452834851C0}.AppStore|ARM.ActiveCfg = AppStore|iPhone
		{129B5EE1-70AA-48FB-99D7-F452834851C0}.AppStore|iPhone.ActiveCfg = AppStore|iPhone
		{129B5EE1-70AA-48FB-99D7-F452834851C0}.AppStore|iPhone.Build.0 = AppStore|iPhone
		{129B5EE1-70AA-48FB-99D7-F452834851C0}.AppStore|iPhoneSimulator.ActiveCfg = AppStore|iPhoneSimulator
		{129B5EE1-70AA-48FB-99D7-F452834851C0}.AppStore|iPhoneSimulator.Build.0 = AppStore|iPhoneSimulator
		{129B5EE1-70AA-48FB-99D7-F452834851C0}.AppStore|x64.ActiveCfg = AppStore|iPhone
		{129B5EE1-70AA-48FB-99D7-F452834851C0}.AppStore|x86.ActiveCfg = AppStore|iPhone
		{129B5EE1-70AA-48FB-99D7-F452834851C0}.Debug|Any CPU.ActiveCfg = Debug|iPhone
		{129B5EE1-70AA-48FB-99D7-F452834851C0}.Debug|ARM.ActiveCfg = Debug|iPhone
		{129B5EE1-70AA-48FB-99D7-F452834851C0}.Debug|iPhone.ActiveCfg = Debug|iPhone
		{129B5EE1-70AA-48FB-99D7-F452834851C0}.Debug|iPhone.Build.0 = Debug|iPhone
		{129B5EE1-70AA-48FB-99D7-F452834851C0}.Debug|iPhoneSimulator.ActiveCfg = Debug|iPhoneSimulator
		{129B5EE1-70AA-48FB-99D7-F452834851C0}.Debug|iPhoneSimulator.Build.0 = Debug|iPhoneSimulator
		{129B5EE1-70AA-48FB-99D7-F452834851C0}.Debug|x64.ActiveCfg = Debug|iPhone
		{129B5EE1-70AA-48FB-99D7-F452834851C0}.Debug|x86.ActiveCfg = Debug|iPhone
		{129B5EE1-70AA-48FB-99D7-F452834851C0}.Release|Any CPU.ActiveCfg = Release|iPhone
		{129B5EE1-70AA-48FB-99D7-F452834851C0}.Release|ARM.ActiveCfg = Release|iPhone
		{129B5EE1-70AA-48FB-99D7-F452834851C0}.Release|iPhone.ActiveCfg = Release|iPhone
		{129B5EE1-70AA-48FB-99D7-F452834851C0}.Release|iPhone.Build.0 = Release|iPhone
		{129B5EE1-70AA-48FB-99D7-F452834851C0}.Release|iPhoneSimulator.ActiveCfg = Release|iPhoneSimulator
		{129B5EE1-70AA-48FB-99D7-F452834851C0}.Release|iPhoneSimulator.Build.0 = Release|iPhoneSimulator
		{129B5EE1-70AA-48FB-99D7-F452834851C0}.Release|x64.ActiveCfg = Release|iPhone
		{129B5EE1-70AA-48FB-99D7-F452834851C0}.Release|x86.ActiveCfg = Release|iPhone
		{E47B004B-C361-455C-B6CA-B1948B25F14B}.Ad-Hoc|Any CPU.ActiveCfg = Release|x86
		{E47B004B-C361-455C-B6CA-B1948B25F14B}.Ad-Hoc|Any CPU.Build.0 = Release|x86
		{E47B004B-C361-455C-B6CA-B1948B25F14B}.Ad-Hoc|Any CPU.Deploy.0 = Release|x86
		{E47B004B-C361-455C-B6CA-B1948B25F14B}.Ad-Hoc|ARM.ActiveCfg = Release|ARM
		{E47B004B-C361-455C-B6CA-B1948B25F14B}.Ad-Hoc|ARM.Build.0 = Release|ARM
		{E47B004B-C361-455C-B6CA-B1948B25F14B}.Ad-Hoc|ARM.Deploy.0 = Release|ARM
		{E47B004B-C361-455C-B6CA-B1948B25F14B}.Ad-Hoc|iPhone.ActiveCfg = Release|x86
		{E47B004B-C361-455C-B6CA-B1948B25F14B}.Ad-Hoc|iPhone.Build.0 = Release|x86
		{E47B004B-C361-455C-B6CA-B1948B25F14B}.Ad-Hoc|iPhone.Deploy.0 = Release|x86
		{E47B004B-C361-455C-B6CA-B1948B25F14B}.Ad-Hoc|iPhoneSimulator.ActiveCfg = Release|x86
		{E47B004B-C361-455C-B6CA-B1948B25F14B}.Ad-Hoc|iPhoneSimulator.Build.0 = Release|x86
		{E47B004B-C361-455C-B6CA-B1948B25F14B}.Ad-Hoc|iPhoneSimulator.Deploy.0 = Release|x86
		{E47B004B-C361-455C-B6CA-B1948B25F14B}.Ad-Hoc|x64.ActiveCfg = Release|x64
		{E47B004B-C361-455C-B6CA-B1948B25F14B}.Ad-Hoc|x64.Build.0 = Release|x64
		{E47B004B-C361-455C-B6CA-B1948B25F14B}.Ad-Hoc|x64.Deploy.0 = Release|x64
		{E47B004B-C361-455C-B6CA-B1948B25F14B}.Ad-Hoc|x86.ActiveCfg = Release|x86
		{E47B004B-C361-455C-B6CA-B1948B25F14B}.Ad-Hoc|x86.Build.0 = Release|x86
		{E47B004B-C361-455C-B6CA-B1948B25F14B}.Ad-Hoc|x86.Deploy.0 = Release|x86
		{E47B004B-C361-455C-B6CA-B1948B25F14B}.AppStore|Any CPU.ActiveCfg = Release|x86
		{E47B004B-C361-455C-B6CA-B1948B25F14B}.AppStore|Any CPU.Build.0 = Release|x86
		{E47B004B-C361-455C-B6CA-B1948B25F14B}.AppStore|Any CPU.Deploy.0 = Release|x86
		{E47B004B-C361-455C-B6CA-B1948B25F14B}.AppStore|ARM.ActiveCfg = Release|ARM
		{E47B004B-C361-455C-B6CA-B1948B25F14B}.AppStore|ARM.Build.0 = Release|ARM
		{E47B004B-C361-455C-B6CA-B1948B25F14B}.AppStore|ARM.Deploy.0 = Release|ARM
		{E47B004B-C361-455C-B6CA-B1948B25F14B}.AppStore|iPhone.ActiveCfg = Release|x86
		{E47B004B-C361-455C-B6CA-B1948B25F14B}.AppStore|iPhone.Build.0 = Release|x86
		{E47B004B-C361-455C-B6CA-B1948B25F14B}.AppStore|iPhone.Deploy.0 = Release|x86
		{E47B004B-C361-455C-B6CA-B1948B25F14B}.AppStore|iPhoneSimulator.ActiveCfg = Release|x86
		{E47B004B-C361-455C-B6CA-B1948B25F14B}.AppStore|iPhoneSimulator.Build.0 = Release|x86
		{E47B004B-C361-455C-B6CA-B1948B25F14B}.AppStore|iPhoneSimulator.Deploy.0 = Release|x86
		{E47B004B-C361-455C-B6CA-B1948B25F14B}.AppStore|x64.ActiveCfg = Release|x64
		{E47B004B-C361-455C-B6CA-B1948B25F14B}.AppStore|x64.Build.0 = Release|x64
		{E47B004B-C361-455C-B6CA-B1948B25F14B}.AppStore|x64.Deploy.0 = Release|x64
		{E47B004B-C361-455C-B6CA-B1948B25F14B}.AppStore|x86.ActiveCfg = Release|x86
		{E47B004B-C361-455C-B6CA-B1948B25F14B}.AppStore|x86.Build.0 = Release|x86
		{E47B004B-C361-455C-B6CA-B1948B25F14B}.AppStore|x86.Deploy.0 = Release|x86
		{E47B004B-C361-455C-B6CA-B1948B25F14B}.Debug|Any CPU.ActiveCfg = Debug|x86
		{E47B004B-C361-455C-B6CA-B1948B25F14B}.Debug|ARM.ActiveCfg = Debug|ARM
		{E47B004B-C361-455C-B6CA-B1948B25F14B}.Debug|ARM.Build.0 = Debug|ARM
		{E47B004B-C361-455C-B6CA-B1948B25F14B}.Debug|ARM.Deploy.0 = Debug|ARM
		{E47B004B-C361-455C-B6CA-B1948B25F14B}.Debug|iPhone.ActiveCfg = Debug|x86
		{E47B004B-C361-455C-B6CA-B1948B25F14B}.Debug|iPhoneSimulator.ActiveCfg = Debug|x86
		{E47B004B-C361-455C-B6CA-B1948B25F14B}.Debug|x64.ActiveCfg = Debug|x64
		{E47B004B-C361-455C-B6CA-B1948B25F14B}.Debug|x64.Build.0 = Debug|x64
		{E47B004B-C361-455C-B6CA-B1948B25F14B}.Debug|x64.Deploy.0 = Debug|x64
		{E47B004B-C361-455C-B6CA-B1948B25F14B}.Debug|x86.ActiveCfg = Debug|x86
		{E47B004B-C361-455C-B6CA-B1948B25F14B}.Debug|x86.Build.0 = Debug|x86
		{E47B004B-C361-455C-B6CA-B1948B25F14B}.Debug|x86.Deploy.0 = Debug|x86
		{E47B004B-C361-455C-B6CA-B1948B25F14B}.Release|Any CPU.ActiveCfg = Release|x86
		{E47B004B-C361-455C-B6CA-B1948B25F14B}.Release|ARM.ActiveCfg = Release|ARM
		{E47B004B-C361-455C-B6CA-B1948B25F14B}.Release|ARM.Build.0 = Release|ARM
		{E47B004B-C361-455C-B6CA-B1948B25F14B}.Release|ARM.Deploy.0 = Release|ARM
		{E47B004B-C361-455C-B6CA-B1948B25F14B}.Release|iPhone.ActiveCfg = Release|x86
		{E47B004B-C361-455C-B6CA-B1948B25F14B}.Release|iPhoneSimulator.ActiveCfg = Release|x86
		{E47B004B-C361-455C-B6CA-B1948B25F14B}.Release|x64.ActiveCfg = Release|x64
		{E47B004B-C361-455C-B6CA-B1948B25F14B}.Release|x64.Build.0 = Release|x64
		{E47B004B-C361-455C-B6CA-B1948B25F14B}.Release|x64.Deploy.0 = Release|x64
		{E47B004B-C361-455C-B6CA-B1948B25F14B}.Release|x86.ActiveCfg = Release|x86
		{E47B004B-C361-455C-B6CA-B1948B25F14B}.Release|x86.Build.0 = Release|x86
		{E47B004B-C361-455C-B6CA-B1948B25F14B}.Release|x86.Deploy.0 = Release|x86
		{DBF19234-0D89-4BAD-9FDB-BE2D6608D704}.Ad-Hoc|Any CPU.ActiveCfg = Debug|Any CPU
		{DBF19234-0D89-4BAD-9FDB-BE2D6608D704}.Ad-Hoc|Any CPU.Build.0 = Debug|Any CPU
		{DBF19234-0D89-4BAD-9FDB-BE2D6608D704}.Ad-Hoc|ARM.ActiveCfg = Debug|Any CPU
		{DBF19234-0D89-4BAD-9FDB-BE2D6608D704}.Ad-Hoc|ARM.Build.0 = Debug|Any CPU
		{DBF19234-0D89-4BAD-9FDB-BE2D6608D704}.Ad-Hoc|iPhone.ActiveCfg = Debug|Any CPU
		{DBF19234-0D89-4BAD-9FDB-BE2D6608D704}.Ad-Hoc|iPhone.Build.0 = Debug|Any CPU
		{DBF19234-0D89-4BAD-9FDB-BE2D6608D704}.Ad-Hoc|iPhoneSimulator.ActiveCfg = Debug|Any CPU
		{DBF19234-0D89-4BAD-9FDB-BE2D6608D704}.Ad-Hoc|iPhoneSimulator.Build.0 = Debug|Any CPU
		{DBF19234-0D89-4BAD-9FDB-BE2D6608D704}.Ad-Hoc|x64.ActiveCfg = Debug|Any CPU
		{DBF19234-0D89-4BAD-9FDB-BE2D6608D704}.Ad-Hoc|x64.Build.0 = Debug|Any CPU
		{DBF19234-0D89-4BAD-9FDB-BE2D6608D704}.Ad-Hoc|x86.ActiveCfg = Debug|Any CPU
		{DBF19234-0D89-4BAD-9FDB-BE2D6608D704}.Ad-Hoc|x86.Build.0 = Debug|Any CPU
		{DBF19234-0D89-4BAD-9FDB-BE2D6608D704}.AppStore|Any CPU.ActiveCfg = Debug|Any CPU
		{DBF19234-0D89-4BAD-9FDB-BE2D6608D704}.AppStore|Any CPU.Build.0 = Debug|Any CPU
		{DBF19234-0D89-4BAD-9FDB-BE2D6608D704}.AppStore|ARM.ActiveCfg = Debug|Any CPU
		{DBF19234-0D89-4BAD-9FDB-BE2D6608D704}.AppStore|ARM.Build.0 = Debug|Any CPU
		{DBF19234-0D89-4BAD-9FDB-BE2D6608D704}.AppStore|iPhone.ActiveCfg = Debug|Any CPU
		{DBF19234-0D89-4BAD-9FDB-BE2D6608D704}.AppStore|iPhone.Build.0 = Debug|Any CPU
		{DBF19234-0D89-4BAD-9FDB-BE2D6608D704}.AppStore|iPhoneSimulator.ActiveCfg = Debug|Any CPU
		{DBF19234-0D89-4BAD-9FDB-BE2D6608D704}.AppStore|iPhoneSimulator.Build.0 = Debug|Any CPU
		{DBF19234-0D89-4BAD-9FDB-BE2D6608D704}.AppStore|x64.ActiveCfg = Debug|Any CPU
		{DBF19234-0D89-4BAD-9FDB-BE2D6608D704}.AppStore|x64.Build.0 = Debug|Any CPU
		{DBF19234-0D89-4BAD-9FDB-BE2D6608D704}.AppStore|x86.ActiveCfg = Debug|Any CPU
		{DBF19234-0D89-4BAD-9FDB-BE2D6608D704}.AppStore|x86.Build.0 = Debug|Any CPU
		{DBF19234-0D89-4BAD-9FDB-BE2D6608D704}.Debug|Any CPU.ActiveCfg = Debug|Any CPU
		{DBF19234-0D89-4BAD-9FDB-BE2D6608D704}.Debug|Any CPU.Build.0 = Debug|Any CPU
		{DBF19234-0D89-4BAD-9FDB-BE2D6608D704}.Debug|ARM.ActiveCfg = Debug|Any CPU
		{DBF19234-0D89-4BAD-9FDB-BE2D6608D704}.Debug|ARM.Build.0 = Debug|Any CPU
		{DBF19234-0D89-4BAD-9FDB-BE2D6608D704}.Debug|iPhone.ActiveCfg = Debug|Any CPU
		{DBF19234-0D89-4BAD-9FDB-BE2D6608D704}.Debug|iPhone.Build.0 = Debug|Any CPU
		{DBF19234-0D89-4BAD-9FDB-BE2D6608D704}.Debug|iPhoneSimulator.ActiveCfg = Debug|Any CPU
		{DBF19234-0D89-4BAD-9FDB-BE2D6608D704}.Debug|iPhoneSimulator.Build.0 = Debug|Any CPU
		{DBF19234-0D89-4BAD-9FDB-BE2D6608D704}.Debug|x64.ActiveCfg = Debug|Any CPU
		{DBF19234-0D89-4BAD-9FDB-BE2D6608D704}.Debug|x64.Build.0 = Debug|Any CPU
		{DBF19234-0D89-4BAD-9FDB-BE2D6608D704}.Debug|x86.ActiveCfg = Debug|Any CPU
		{DBF19234-0D89-4BAD-9FDB-BE2D6608D704}.Debug|x86.Build.0 = Debug|Any CPU
		{DBF19234-0D89-4BAD-9FDB-BE2D6608D704}.Release|Any CPU.ActiveCfg = Release|Any CPU
		{DBF19234-0D89-4BAD-9FDB-BE2D6608D704}.Release|Any CPU.Build.0 = Release|Any CPU
		{DBF19234-0D89-4BAD-9FDB-BE2D6608D704}.Release|ARM.ActiveCfg = Release|Any CPU
		{DBF19234-0D89-4BAD-9FDB-BE2D6608D704}.Release|ARM.Build.0 = Release|Any CPU
		{DBF19234-0D89-4BAD-9FDB-BE2D6608D704}.Release|iPhone.ActiveCfg = Release|Any CPU
		{DBF19234-0D89-4BAD-9FDB-BE2D6608D704}.Release|iPhone.Build.0 = Release|Any CPU
		{DBF19234-0D89-4BAD-9FDB-BE2D6608D704}.Release|iPhoneSimulator.ActiveCfg = Release|Any CPU
		{DBF19234-0D89-4BAD-9FDB-BE2D6608D704}.Release|iPhoneSimulator.Build.0 = Release|Any CPU
		{DBF19234-0D89-4BAD-9FDB-BE2D6608D704}.Release|x64.ActiveCfg = Release|Any CPU
		{DBF19234-0D89-4BAD-9FDB-BE2D6608D704}.Release|x64.Build.0 = Release|Any CPU
		{DBF19234-0D89-4BAD-9FDB-BE2D6608D704}.Release|x86.ActiveCfg = Release|Any CPU
		{DBF19234-0D89-4BAD-9FDB-BE2D6608D704}.Release|x86.Build.0 = Release|Any CPU
	EndGlobalSection
	GlobalSection(SolutionProperties) = preSolution
		HideSolutionNode = FALSE
	EndGlobalSection
	GlobalSection(ExtensibilityGlobals) = postSolution
		SolutionGuid = {6F1EB9F4-7CB3-40BE-86DA-E7C4E92E65FE}
	EndGlobalSection
EndGlobal
